
Microsoft Visual Studio Solution File, Format Version 12.00
# Visual Studio 14
VisualStudioVersion = 14.0.24720.0
MinimumVisualStudioVersion = 10.0.40219.1
Project("{8BB2217D-0F2D-49D1-97BC-3654ED321F3B}") = "Microservices.Core", "src\Microservices.Core\Microservices.Core.xproj", "{2C4D97D8-7395-4216-B701-C700C9D3B959}"
EndProject
Project("{8BB2217D-0F2D-49D1-97BC-3654ED321F3B}") = "Microservices.Host", "src\Microservices.Host\Microservices.Host.xproj", "{CB8515A9-E3C2-4EEE-9E41-F23B2C2C125D}"
EndProject
Project("{2150E333-8FDC-42A3-9474-1A3956D46DE8}") = "Solution Items", "Solution Items", "{296F60EE-077C-4318-A79B-E6B4A5F39B81}"
	ProjectSection(SolutionItems) = preProject
		global.json = global.json
	EndProjectSection
EndProject
Project("{8BB2217D-0F2D-49D1-97BC-3654ED321F3B}") = "Microservices.AspNet5Source", "src\Microservices.AspNet5Source\Microservices.AspNet5Source.xproj", "{7D43BE81-5827-4B79-B7C8-1ED1583C77FE}"
EndProject
Project("{8BB2217D-0F2D-49D1-97BC-3654ED321F3B}") = "Microservices.HostService", "src\Microservices.HostService\Microservices.HostService.xproj", "{0C340066-9992-4954-BD56-4359CA94A4D1}"
EndProject
Project("{8BB2217D-0F2D-49D1-97BC-3654ED321F3B}") = "Microservices.AspNetHosting", "src\Microservices.AspNetHosting\Microservices.AspNetHosting.xproj", "{96881980-24FC-4FF1-B8E4-67DB4AE08AC2}"
EndProject
Project("{8BB2217D-0F2D-49D1-97BC-3654ED321F3B}") = "Microservices.RabbitMQEventHandler", "src\Microservices.RabbitMQEventHandler\Microservices.RabbitMQEventHandler.xproj", "{EAEDFA2D-500B-4B2B-B5CD-319127418EBE}"
EndProject
Project("{8BB2217D-0F2D-49D1-97BC-3654ED321F3B}") = "Microservices.LiquidEngine", "src\Microservices.LiquidEngine\Microservices.LiquidEngine.xproj", "{CC074181-3E2D-4CBA-8880-E3D3A56D0563}"
EndProject
Project("{8BB2217D-0F2D-49D1-97BC-3654ED321F3B}") = "Microservices.ContentManager", "src\Microservices.ContentManager\Microservices.ContentManager.xproj", "{7D7AAD2D-87B1-4A58-9A9A-A5684EC82ECD}"
EndProject
Project("{2150E333-8FDC-42A3-9474-1A3956D46DE8}") = "Tests", "Tests", "{D886631D-FD4F-4927-BDBF-A17838C910FE}"
EndProject
Project("{8BB2217D-0F2D-49D1-97BC-3654ED321F3B}") = "MicroservicesCoreTests", "tests\MicroservicesCoreTests\MicroservicesCoreTests.xproj", "{650A5A85-5956-491E-9312-5E25A27D1108}"
EndProject
Project("{2150E333-8FDC-42A3-9474-1A3956D46DE8}") = "src", "src", "{85CF864E-FD5F-4E3F-8CF7-87E9952F6862}"
EndProject
Project("{8BB2217D-0F2D-49D1-97BC-3654ED321F3B}") = "Microhandlers.Core", "src\Microhandlers.Core\Microhandlers.Core.xproj", "{276CC31D-5803-475B-91ED-D1AAB4ABD665}"
EndProject
Project("{8BB2217D-0F2D-49D1-97BC-3654ED321F3B}") = "Microhandlers.Sources.AspNet5", "src\Microhandlers.Sources.AspNet5\Microhandlers.Sources.AspNet5.xproj", "{21CF6F41-81B9-483C-B269-274B56792353}"
EndProject
Project("{8BB2217D-0F2D-49D1-97BC-3654ED321F3B}") = "Microhandlers.Hosts.AspNet5", "src\Microhandlers.Hosts.AspNet5\Microhandlers.Hosts.AspNet5.xproj", "{08D24512-074C-4E34-957A-482EA36DF3A5}"
EndProject
Project("{8BB2217D-0F2D-49D1-97BC-3654ED321F3B}") = "Microhandlers.Handlers.Microservice", "src\Microhandlers.Handlers.Microservice\Microhandlers.Handlers.Microservice.xproj", "{77B973C3-AFF0-4431-81FF-18D3E044D801}"
EndProject
Project("{8BB2217D-0F2D-49D1-97BC-3654ED321F3B}") = "Microhandlers.App.AspNet5Dnx", "src\Microhandlers.App.AspNet5Dnx\Microhandlers.App.AspNet5Dnx.xproj", "{7DE86226-EE91-4BEF-9E60-2C593E30FEE0}"
EndProject
Project("{2150E333-8FDC-42A3-9474-1A3956D46DE8}") = "legacy", "legacy", "{0B9A2D74-D927-42D7-9055-A9E225A63E3D}"
EndProject
Global
	GlobalSection(SolutionConfigurationPlatforms) = preSolution
		Debug|Any CPU = Debug|Any CPU
		Release|Any CPU = Release|Any CPU
	EndGlobalSection
	GlobalSection(ProjectConfigurationPlatforms) = postSolution
		{2C4D97D8-7395-4216-B701-C700C9D3B959}.Debug|Any CPU.ActiveCfg = Debug|Any CPU
		{2C4D97D8-7395-4216-B701-C700C9D3B959}.Debug|Any CPU.Build.0 = Debug|Any CPU
		{2C4D97D8-7395-4216-B701-C700C9D3B959}.Release|Any CPU.ActiveCfg = Release|Any CPU
		{2C4D97D8-7395-4216-B701-C700C9D3B959}.Release|Any CPU.Build.0 = Release|Any CPU
		{CB8515A9-E3C2-4EEE-9E41-F23B2C2C125D}.Debug|Any CPU.ActiveCfg = Debug|Any CPU
		{CB8515A9-E3C2-4EEE-9E41-F23B2C2C125D}.Debug|Any CPU.Build.0 = Debug|Any CPU
		{CB8515A9-E3C2-4EEE-9E41-F23B2C2C125D}.Release|Any CPU.ActiveCfg = Release|Any CPU
		{CB8515A9-E3C2-4EEE-9E41-F23B2C2C125D}.Release|Any CPU.Build.0 = Release|Any CPU
		{7D43BE81-5827-4B79-B7C8-1ED1583C77FE}.Debug|Any CPU.ActiveCfg = Debug|Any CPU
		{7D43BE81-5827-4B79-B7C8-1ED1583C77FE}.Debug|Any CPU.Build.0 = Debug|Any CPU
		{7D43BE81-5827-4B79-B7C8-1ED1583C77FE}.Release|Any CPU.ActiveCfg = Release|Any CPU
		{7D43BE81-5827-4B79-B7C8-1ED1583C77FE}.Release|Any CPU.Build.0 = Release|Any CPU
		{0C340066-9992-4954-BD56-4359CA94A4D1}.Debug|Any CPU.ActiveCfg = Debug|Any CPU
		{0C340066-9992-4954-BD56-4359CA94A4D1}.Debug|Any CPU.Build.0 = Debug|Any CPU
		{0C340066-9992-4954-BD56-4359CA94A4D1}.Release|Any CPU.ActiveCfg = Release|Any CPU
		{0C340066-9992-4954-BD56-4359CA94A4D1}.Release|Any CPU.Build.0 = Release|Any CPU
		{96881980-24FC-4FF1-B8E4-67DB4AE08AC2}.Debug|Any CPU.ActiveCfg = Debug|Any CPU
		{96881980-24FC-4FF1-B8E4-67DB4AE08AC2}.Debug|Any CPU.Build.0 = Debug|Any CPU
		{96881980-24FC-4FF1-B8E4-67DB4AE08AC2}.Release|Any CPU.ActiveCfg = Release|Any CPU
		{96881980-24FC-4FF1-B8E4-67DB4AE08AC2}.Release|Any CPU.Build.0 = Release|Any CPU
		{EAEDFA2D-500B-4B2B-B5CD-319127418EBE}.Debug|Any CPU.ActiveCfg = Debug|Any CPU
		{EAEDFA2D-500B-4B2B-B5CD-319127418EBE}.Debug|Any CPU.Build.0 = Debug|Any CPU
		{EAEDFA2D-500B-4B2B-B5CD-319127418EBE}.Release|Any CPU.ActiveCfg = Release|Any CPU
		{EAEDFA2D-500B-4B2B-B5CD-319127418EBE}.Release|Any CPU.Build.0 = Release|Any CPU
		{CC074181-3E2D-4CBA-8880-E3D3A56D0563}.Debug|Any CPU.ActiveCfg = Debug|Any CPU
		{CC074181-3E2D-4CBA-8880-E3D3A56D0563}.Debug|Any CPU.Build.0 = Debug|Any CPU
		{CC074181-3E2D-4CBA-8880-E3D3A56D0563}.Release|Any CPU.ActiveCfg = Release|Any CPU
		{CC074181-3E2D-4CBA-8880-E3D3A56D0563}.Release|Any CPU.Build.0 = Release|Any CPU
		{7D7AAD2D-87B1-4A58-9A9A-A5684EC82ECD}.Debug|Any CPU.ActiveCfg = Debug|Any CPU
		{7D7AAD2D-87B1-4A58-9A9A-A5684EC82ECD}.Debug|Any CPU.Build.0 = Debug|Any CPU
		{7D7AAD2D-87B1-4A58-9A9A-A5684EC82ECD}.Release|Any CPU.ActiveCfg = Release|Any CPU
		{7D7AAD2D-87B1-4A58-9A9A-A5684EC82ECD}.Release|Any CPU.Build.0 = Release|Any CPU
		{650A5A85-5956-491E-9312-5E25A27D1108}.Debug|Any CPU.ActiveCfg = Debug|Any CPU
		{650A5A85-5956-491E-9312-5E25A27D1108}.Debug|Any CPU.Build.0 = Debug|Any CPU
		{650A5A85-5956-491E-9312-5E25A27D1108}.Release|Any CPU.ActiveCfg = Release|Any CPU
		{650A5A85-5956-491E-9312-5E25A27D1108}.Release|Any CPU.Build.0 = Release|Any CPU
		{276CC31D-5803-475B-91ED-D1AAB4ABD665}.Debug|Any CPU.ActiveCfg = Debug|Any CPU
		{276CC31D-5803-475B-91ED-D1AAB4ABD665}.Debug|Any CPU.Build.0 = Debug|Any CPU
		{276CC31D-5803-475B-91ED-D1AAB4ABD665}.Release|Any CPU.ActiveCfg = Release|Any CPU
		{276CC31D-5803-475B-91ED-D1AAB4ABD665}.Release|Any CPU.Build.0 = Release|Any CPU
		{21CF6F41-81B9-483C-B269-274B56792353}.Debug|Any CPU.ActiveCfg = Debug|Any CPU
		{21CF6F41-81B9-483C-B269-274B56792353}.Debug|Any CPU.Build.0 = Debug|Any CPU
		{21CF6F41-81B9-483C-B269-274B56792353}.Release|Any CPU.ActiveCfg = Release|Any CPU
		{21CF6F41-81B9-483C-B269-274B56792353}.Release|Any CPU.Build.0 = Release|Any CPU
		{08D24512-074C-4E34-957A-482EA36DF3A5}.Debug|Any CPU.ActiveCfg = Debug|Any CPU
		{08D24512-074C-4E34-957A-482EA36DF3A5}.Debug|Any CPU.Build.0 = Debug|Any CPU
		{08D24512-074C-4E34-957A-482EA36DF3A5}.Release|Any CPU.ActiveCfg = Release|Any CPU
		{08D24512-074C-4E34-957A-482EA36DF3A5}.Release|Any CPU.Build.0 = Release|Any CPU
		{77B973C3-AFF0-4431-81FF-18D3E044D801}.Debug|Any CPU.ActiveCfg = Debug|Any CPU
		{77B973C3-AFF0-4431-81FF-18D3E044D801}.Debug|Any CPU.Build.0 = Debug|Any CPU
		{77B973C3-AFF0-4431-81FF-18D3E044D801}.Release|Any CPU.ActiveCfg = Release|Any CPU
		{77B973C3-AFF0-4431-81FF-18D3E044D801}.Release|Any CPU.Build.0 = Release|Any CPU
		{7DE86226-EE91-4BEF-9E60-2C593E30FEE0}.Debug|Any CPU.ActiveCfg = Debug|Any CPU
		{7DE86226-EE91-4BEF-9E60-2C593E30FEE0}.Debug|Any CPU.Build.0 = Debug|Any CPU
		{7DE86226-EE91-4BEF-9E60-2C593E30FEE0}.Release|Any CPU.ActiveCfg = Release|Any CPU
		{7DE86226-EE91-4BEF-9E60-2C593E30FEE0}.Release|Any CPU.Build.0 = Release|Any CPU
	EndGlobalSection
	GlobalSection(SolutionProperties) = preSolution
		HideSolutionNode = FALSE
	EndGlobalSection
	GlobalSection(NestedProjects) = preSolution
		{2C4D97D8-7395-4216-B701-C700C9D3B959} = {0B9A2D74-D927-42D7-9055-A9E225A63E3D}
		{CB8515A9-E3C2-4EEE-9E41-F23B2C2C125D} = {0B9A2D74-D927-42D7-9055-A9E225A63E3D}
		{7D43BE81-5827-4B79-B7C8-1ED1583C77FE} = {0B9A2D74-D927-42D7-9055-A9E225A63E3D}
		{0C340066-9992-4954-BD56-4359CA94A4D1} = {0B9A2D74-D927-42D7-9055-A9E225A63E3D}
		{96881980-24FC-4FF1-B8E4-67DB4AE08AC2} = {0B9A2D74-D927-42D7-9055-A9E225A63E3D}
		{EAEDFA2D-500B-4B2B-B5CD-319127418EBE} = {0B9A2D74-D927-42D7-9055-A9E225A63E3D}
		{CC074181-3E2D-4CBA-8880-E3D3A56D0563} = {0B9A2D74-D927-42D7-9055-A9E225A63E3D}
		{7D7AAD2D-87B1-4A58-9A9A-A5684EC82ECD} = {0B9A2D74-D927-42D7-9055-A9E225A63E3D}
		{650A5A85-5956-491E-9312-5E25A27D1108} = {D886631D-FD4F-4927-BDBF-A17838C910FE}
		{276CC31D-5803-475B-91ED-D1AAB4ABD665} = {85CF864E-FD5F-4E3F-8CF7-87E9952F6862}
		{21CF6F41-81B9-483C-B269-274B56792353} = {85CF864E-FD5F-4E3F-8CF7-87E9952F6862}
		{77B973C3-AFF0-4431-81FF-18D3E044D801} = {85CF864E-FD5F-4E3F-8CF7-87E9952F6862}
	EndGlobalSection
EndGlobal
