
Microsoft Visual Studio Solution File, Format Version 12.00
# Visual Studio 14
VisualStudioVersion = 14.0.24720.0
MinimumVisualStudioVersion = 10.0.40219.1
Project("{2150E333-8FDC-42A3-9474-1A3956D46DE8}") = "Solution Items", "Solution Items", "{296F60EE-077C-4318-A79B-E6B4A5F39B81}"
	ProjectSection(SolutionItems) = preProject
		global.json = global.json
	EndProjectSection
EndProject
Project("{2150E333-8FDC-42A3-9474-1A3956D46DE8}") = "Tests", "Tests", "{D886631D-FD4F-4927-BDBF-A17838C910FE}"
EndProject
Project("{2150E333-8FDC-42A3-9474-1A3956D46DE8}") = "src", "src", "{85CF864E-FD5F-4E3F-8CF7-87E9952F6862}"
EndProject
Project("{8BB2217D-0F2D-49D1-97BC-3654ED321F3B}") = "Microhandlers.Core", "src\Microhandlers.Core\Microhandlers.Core.xproj", "{276CC31D-5803-475B-91ED-D1AAB4ABD665}"
EndProject
Project("{8BB2217D-0F2D-49D1-97BC-3654ED321F3B}") = "Microhandlers.MessageSources.AspNet5", "src\Microhandlers.MessageSources.AspNet5\Microhandlers.MessageSources.AspNet5.xproj", "{21CF6F41-81B9-483C-B269-274B56792353}"
EndProject
Project("{8BB2217D-0F2D-49D1-97BC-3654ED321F3B}") = "Microhandlers.Hosts.AspNet5", "src\Microhandlers.Hosts.AspNet5\Microhandlers.Hosts.AspNet5.xproj", "{08D24512-074C-4E34-957A-482EA36DF3A5}"
EndProject
Project("{8BB2217D-0F2D-49D1-97BC-3654ED321F3B}") = "Microhandlers.HandlersDiscovery.Microservice", "src\Microhandlers.HandlersDiscovery.Microservice\Microhandlers.HandlersDiscovery.Microservice.xproj", "{77B973C3-AFF0-4431-81FF-18D3E044D801}"
EndProject
Project("{8BB2217D-0F2D-49D1-97BC-3654ED321F3B}") = "Microhandlers.App.AspNet5Dnx", "src\Microhandlers.App.AspNet5Dnx\Microhandlers.App.AspNet5Dnx.xproj", "{7DE86226-EE91-4BEF-9E60-2C593E30FEE0}"
EndProject
Project("{8BB2217D-0F2D-49D1-97BC-3654ED321F3B}") = "MicrohandlersCoreTests", "tests\MicrohandlersCoreTests\MicrohandlersCoreTests.xproj", "{B7CD2FE6-C5CA-47A2-A10F-4BC4EDFAAFDF}"
EndProject
Project("{8BB2217D-0F2D-49D1-97BC-3654ED321F3B}") = "Microhandlers.Handlers.Ping", "src\Microhandlers.Handlers.Ping\Microhandlers.Handlers.Ping.xproj", "{AF02461D-981E-45FE-8FD4-F20C7756107B}"
EndProject
Global
	GlobalSection(SolutionConfigurationPlatforms) = preSolution
		Debug|Any CPU = Debug|Any CPU
		Debug|x86 = Debug|x86
		Release|Any CPU = Release|Any CPU
		Release|x86 = Release|x86
	EndGlobalSection
	GlobalSection(ProjectConfigurationPlatforms) = postSolution
		{276CC31D-5803-475B-91ED-D1AAB4ABD665}.Debug|Any CPU.ActiveCfg = Debug|Any CPU
		{276CC31D-5803-475B-91ED-D1AAB4ABD665}.Debug|Any CPU.Build.0 = Debug|Any CPU
		{276CC31D-5803-475B-91ED-D1AAB4ABD665}.Debug|x86.ActiveCfg = Debug|Any CPU
		{276CC31D-5803-475B-91ED-D1AAB4ABD665}.Debug|x86.Build.0 = Debug|Any CPU
		{276CC31D-5803-475B-91ED-D1AAB4ABD665}.Release|Any CPU.ActiveCfg = Release|Any CPU
		{276CC31D-5803-475B-91ED-D1AAB4ABD665}.Release|Any CPU.Build.0 = Release|Any CPU
		{276CC31D-5803-475B-91ED-D1AAB4ABD665}.Release|x86.ActiveCfg = Release|Any CPU
		{276CC31D-5803-475B-91ED-D1AAB4ABD665}.Release|x86.Build.0 = Release|Any CPU
		{21CF6F41-81B9-483C-B269-274B56792353}.Debug|Any CPU.ActiveCfg = Debug|Any CPU
		{21CF6F41-81B9-483C-B269-274B56792353}.Debug|Any CPU.Build.0 = Debug|Any CPU
		{21CF6F41-81B9-483C-B269-274B56792353}.Debug|x86.ActiveCfg = Debug|Any CPU
		{21CF6F41-81B9-483C-B269-274B56792353}.Debug|x86.Build.0 = Debug|Any CPU
		{21CF6F41-81B9-483C-B269-274B56792353}.Release|Any CPU.ActiveCfg = Release|Any CPU
		{21CF6F41-81B9-483C-B269-274B56792353}.Release|Any CPU.Build.0 = Release|Any CPU
		{21CF6F41-81B9-483C-B269-274B56792353}.Release|x86.ActiveCfg = Release|Any CPU
		{21CF6F41-81B9-483C-B269-274B56792353}.Release|x86.Build.0 = Release|Any CPU
		{08D24512-074C-4E34-957A-482EA36DF3A5}.Debug|Any CPU.ActiveCfg = Debug|Any CPU
		{08D24512-074C-4E34-957A-482EA36DF3A5}.Debug|Any CPU.Build.0 = Debug|Any CPU
		{08D24512-074C-4E34-957A-482EA36DF3A5}.Debug|x86.ActiveCfg = Debug|Any CPU
		{08D24512-074C-4E34-957A-482EA36DF3A5}.Debug|x86.Build.0 = Debug|Any CPU
		{08D24512-074C-4E34-957A-482EA36DF3A5}.Release|Any CPU.ActiveCfg = Release|Any CPU
		{08D24512-074C-4E34-957A-482EA36DF3A5}.Release|Any CPU.Build.0 = Release|Any CPU
		{08D24512-074C-4E34-957A-482EA36DF3A5}.Release|x86.ActiveCfg = Release|Any CPU
		{08D24512-074C-4E34-957A-482EA36DF3A5}.Release|x86.Build.0 = Release|Any CPU
		{77B973C3-AFF0-4431-81FF-18D3E044D801}.Debug|Any CPU.ActiveCfg = Debug|Any CPU
		{77B973C3-AFF0-4431-81FF-18D3E044D801}.Debug|Any CPU.Build.0 = Debug|Any CPU
		{77B973C3-AFF0-4431-81FF-18D3E044D801}.Debug|x86.ActiveCfg = Debug|Any CPU
		{77B973C3-AFF0-4431-81FF-18D3E044D801}.Debug|x86.Build.0 = Debug|Any CPU
		{77B973C3-AFF0-4431-81FF-18D3E044D801}.Release|Any CPU.ActiveCfg = Release|Any CPU
		{77B973C3-AFF0-4431-81FF-18D3E044D801}.Release|Any CPU.Build.0 = Release|Any CPU
		{77B973C3-AFF0-4431-81FF-18D3E044D801}.Release|x86.ActiveCfg = Release|Any CPU
		{77B973C3-AFF0-4431-81FF-18D3E044D801}.Release|x86.Build.0 = Release|Any CPU
		{7DE86226-EE91-4BEF-9E60-2C593E30FEE0}.Debug|Any CPU.ActiveCfg = Debug|Any CPU
		{7DE86226-EE91-4BEF-9E60-2C593E30FEE0}.Debug|Any CPU.Build.0 = Debug|Any CPU
		{7DE86226-EE91-4BEF-9E60-2C593E30FEE0}.Debug|x86.ActiveCfg = Debug|Any CPU
		{7DE86226-EE91-4BEF-9E60-2C593E30FEE0}.Debug|x86.Build.0 = Debug|Any CPU
		{7DE86226-EE91-4BEF-9E60-2C593E30FEE0}.Release|Any CPU.ActiveCfg = Release|Any CPU
		{7DE86226-EE91-4BEF-9E60-2C593E30FEE0}.Release|Any CPU.Build.0 = Release|Any CPU
		{7DE86226-EE91-4BEF-9E60-2C593E30FEE0}.Release|x86.ActiveCfg = Release|Any CPU
		{7DE86226-EE91-4BEF-9E60-2C593E30FEE0}.Release|x86.Build.0 = Release|Any CPU
		{B7CD2FE6-C5CA-47A2-A10F-4BC4EDFAAFDF}.Debug|Any CPU.ActiveCfg = Debug|Any CPU
		{B7CD2FE6-C5CA-47A2-A10F-4BC4EDFAAFDF}.Debug|Any CPU.Build.0 = Debug|Any CPU
		{B7CD2FE6-C5CA-47A2-A10F-4BC4EDFAAFDF}.Debug|x86.ActiveCfg = Debug|Any CPU
		{B7CD2FE6-C5CA-47A2-A10F-4BC4EDFAAFDF}.Debug|x86.Build.0 = Debug|Any CPU
		{B7CD2FE6-C5CA-47A2-A10F-4BC4EDFAAFDF}.Release|Any CPU.ActiveCfg = Release|Any CPU
		{B7CD2FE6-C5CA-47A2-A10F-4BC4EDFAAFDF}.Release|Any CPU.Build.0 = Release|Any CPU
		{B7CD2FE6-C5CA-47A2-A10F-4BC4EDFAAFDF}.Release|x86.ActiveCfg = Release|Any CPU
		{B7CD2FE6-C5CA-47A2-A10F-4BC4EDFAAFDF}.Release|x86.Build.0 = Release|Any CPU
		{AF02461D-981E-45FE-8FD4-F20C7756107B}.Debug|Any CPU.ActiveCfg = Debug|Any CPU
		{AF02461D-981E-45FE-8FD4-F20C7756107B}.Debug|Any CPU.Build.0 = Debug|Any CPU
		{AF02461D-981E-45FE-8FD4-F20C7756107B}.Debug|x86.ActiveCfg = Debug|Any CPU
		{AF02461D-981E-45FE-8FD4-F20C7756107B}.Debug|x86.Build.0 = Debug|Any CPU
		{AF02461D-981E-45FE-8FD4-F20C7756107B}.Release|Any CPU.ActiveCfg = Release|Any CPU
		{AF02461D-981E-45FE-8FD4-F20C7756107B}.Release|Any CPU.Build.0 = Release|Any CPU
		{AF02461D-981E-45FE-8FD4-F20C7756107B}.Release|x86.ActiveCfg = Release|Any CPU
		{AF02461D-981E-45FE-8FD4-F20C7756107B}.Release|x86.Build.0 = Release|Any CPU
	EndGlobalSection
	GlobalSection(SolutionProperties) = preSolution
		HideSolutionNode = FALSE
	EndGlobalSection
	GlobalSection(NestedProjects) = preSolution
		{276CC31D-5803-475B-91ED-D1AAB4ABD665} = {85CF864E-FD5F-4E3F-8CF7-87E9952F6862}
		{21CF6F41-81B9-483C-B269-274B56792353} = {85CF864E-FD5F-4E3F-8CF7-87E9952F6862}
		{77B973C3-AFF0-4431-81FF-18D3E044D801} = {85CF864E-FD5F-4E3F-8CF7-87E9952F6862}
		{B7CD2FE6-C5CA-47A2-A10F-4BC4EDFAAFDF} = {D886631D-FD4F-4927-BDBF-A17838C910FE}
		{AF02461D-981E-45FE-8FD4-F20C7756107B} = {85CF864E-FD5F-4E3F-8CF7-87E9952F6862}
	EndGlobalSection
EndGlobal
